
Microsoft Visual Studio Solution File, Format Version 12.00
# Visual Studio 15
VisualStudioVersion = 15.0.27004.2005
MinimumVisualStudioVersion = 10.0.40219.1
Project("{FAE04EC0-301F-11D3-BF4B-00C04F79EFBC}") = "DoNotDisturb.Mobile", "DoNotDisturb.Mobile\DoNotDisturb.Mobile\DoNotDisturb.Mobile.csproj", "{5A53F097-D001-4C8B-81C7-200836A110B7}"
EndProject
Project("{FAE04EC0-301F-11D3-BF4B-00C04F79EFBC}") = "DoNotDisturb.Mobile.Android", "DoNotDisturb.Mobile\DoNotDisturb.Mobile.Android\DoNotDisturb.Mobile.Android.csproj", "{64351C88-A92D-49A5-91BA-4DFE200B1338}"
EndProject
Project("{FAE04EC0-301F-11D3-BF4B-00C04F79EFBC}") = "DoNotDisturb.Mobile.UWP", "DoNotDisturb.Mobile\DoNotDisturb.Mobile.UWP\DoNotDisturb.Mobile.UWP.csproj", "{42A2F4EC-99EB-49E0-81E5-174BFF9A0D08}"
EndProject
Project("{FAE04EC0-301F-11D3-BF4B-00C04F79EFBC}") = "DoNotDisturb.Mobile.iOS", "DoNotDisturb.Mobile\DoNotDisturb.Mobile.iOS\DoNotDisturb.Mobile.iOS.csproj", "{81C303E2-25D4-4102-A213-DF9FABF772B0}"
EndProject
Global
	GlobalSection(SolutionConfigurationPlatforms) = preSolution
		Ad-Hoc|Any CPU = Ad-Hoc|Any CPU
		Ad-Hoc|ARM = Ad-Hoc|ARM
		Ad-Hoc|iPhone = Ad-Hoc|iPhone
		Ad-Hoc|iPhoneSimulator = Ad-Hoc|iPhoneSimulator
		Ad-Hoc|x64 = Ad-Hoc|x64
		Ad-Hoc|x86 = Ad-Hoc|x86
		AppStore|Any CPU = AppStore|Any CPU
		AppStore|ARM = AppStore|ARM
		AppStore|iPhone = AppStore|iPhone
		AppStore|iPhoneSimulator = AppStore|iPhoneSimulator
		AppStore|x64 = AppStore|x64
		AppStore|x86 = AppStore|x86
		Debug|Any CPU = Debug|Any CPU
		Debug|ARM = Debug|ARM
		Debug|iPhone = Debug|iPhone
		Debug|iPhoneSimulator = Debug|iPhoneSimulator
		Debug|x64 = Debug|x64
		Debug|x86 = Debug|x86
		Release|Any CPU = Release|Any CPU
		Release|ARM = Release|ARM
		Release|iPhone = Release|iPhone
		Release|iPhoneSimulator = Release|iPhoneSimulator
		Release|x64 = Release|x64
		Release|x86 = Release|x86
	EndGlobalSection
	GlobalSection(ProjectConfigurationPlatforms) = postSolution
		{5A53F097-D001-4C8B-81C7-200836A110B7}.Ad-Hoc|Any CPU.ActiveCfg = Release|Any CPU
		{5A53F097-D001-4C8B-81C7-200836A110B7}.Ad-Hoc|Any CPU.Build.0 = Release|Any CPU
		{5A53F097-D001-4C8B-81C7-200836A110B7}.Ad-Hoc|ARM.ActiveCfg = Release|Any CPU
		{5A53F097-D001-4C8B-81C7-200836A110B7}.Ad-Hoc|ARM.Build.0 = Release|Any CPU
		{5A53F097-D001-4C8B-81C7-200836A110B7}.Ad-Hoc|iPhone.ActiveCfg = Release|Any CPU
		{5A53F097-D001-4C8B-81C7-200836A110B7}.Ad-Hoc|iPhone.Build.0 = Release|Any CPU
		{5A53F097-D001-4C8B-81C7-200836A110B7}.Ad-Hoc|iPhoneSimulator.ActiveCfg = Release|Any CPU
		{5A53F097-D001-4C8B-81C7-200836A110B7}.Ad-Hoc|iPhoneSimulator.Build.0 = Release|Any CPU
		{5A53F097-D001-4C8B-81C7-200836A110B7}.Ad-Hoc|x64.ActiveCfg = Release|Any CPU
		{5A53F097-D001-4C8B-81C7-200836A110B7}.Ad-Hoc|x64.Build.0 = Release|Any CPU
		{5A53F097-D001-4C8B-81C7-200836A110B7}.Ad-Hoc|x86.ActiveCfg = Release|Any CPU
		{5A53F097-D001-4C8B-81C7-200836A110B7}.Ad-Hoc|x86.Build.0 = Release|Any CPU
		{5A53F097-D001-4C8B-81C7-200836A110B7}.AppStore|Any CPU.ActiveCfg = Release|Any CPU
		{5A53F097-D001-4C8B-81C7-200836A110B7}.AppStore|Any CPU.Build.0 = Release|Any CPU
		{5A53F097-D001-4C8B-81C7-200836A110B7}.AppStore|ARM.ActiveCfg = Release|Any CPU
		{5A53F097-D001-4C8B-81C7-200836A110B7}.AppStore|ARM.Build.0 = Release|Any CPU
		{5A53F097-D001-4C8B-81C7-200836A110B7}.AppStore|iPhone.ActiveCfg = Release|Any CPU
		{5A53F097-D001-4C8B-81C7-200836A110B7}.AppStore|iPhone.Build.0 = Release|Any CPU
		{5A53F097-D001-4C8B-81C7-200836A110B7}.AppStore|iPhoneSimulator.ActiveCfg = Release|Any CPU
		{5A53F097-D001-4C8B-81C7-200836A110B7}.AppStore|iPhoneSimulator.Build.0 = Release|Any CPU
		{5A53F097-D001-4C8B-81C7-200836A110B7}.AppStore|x64.ActiveCfg = Release|Any CPU
		{5A53F097-D001-4C8B-81C7-200836A110B7}.AppStore|x64.Build.0 = Release|Any CPU
		{5A53F097-D001-4C8B-81C7-200836A110B7}.AppStore|x86.ActiveCfg = Release|Any CPU
		{5A53F097-D001-4C8B-81C7-200836A110B7}.AppStore|x86.Build.0 = Release|Any CPU
		{5A53F097-D001-4C8B-81C7-200836A110B7}.Debug|Any CPU.ActiveCfg = Debug|Any CPU
		{5A53F097-D001-4C8B-81C7-200836A110B7}.Debug|Any CPU.Build.0 = Debug|Any CPU
		{5A53F097-D001-4C8B-81C7-200836A110B7}.Debug|ARM.ActiveCfg = Debug|Any CPU
		{5A53F097-D001-4C8B-81C7-200836A110B7}.Debug|ARM.Build.0 = Debug|Any CPU
		{5A53F097-D001-4C8B-81C7-200836A110B7}.Debug|iPhone.ActiveCfg = Debug|Any CPU
		{5A53F097-D001-4C8B-81C7-200836A110B7}.Debug|iPhone.Build.0 = Debug|Any CPU
		{5A53F097-D001-4C8B-81C7-200836A110B7}.Debug|iPhoneSimulator.ActiveCfg = Debug|Any CPU
		{5A53F097-D001-4C8B-81C7-200836A110B7}.Debug|iPhoneSimulator.Build.0 = Debug|Any CPU
		{5A53F097-D001-4C8B-81C7-200836A110B7}.Debug|x64.ActiveCfg = Debug|Any CPU
		{5A53F097-D001-4C8B-81C7-200836A110B7}.Debug|x64.Build.0 = Debug|Any CPU
		{5A53F097-D001-4C8B-81C7-200836A110B7}.Debug|x86.ActiveCfg = Debug|Any CPU
		{5A53F097-D001-4C8B-81C7-200836A110B7}.Debug|x86.Build.0 = Debug|Any CPU
		{5A53F097-D001-4C8B-81C7-200836A110B7}.Release|Any CPU.ActiveCfg = Release|Any CPU
		{5A53F097-D001-4C8B-81C7-200836A110B7}.Release|Any CPU.Build.0 = Release|Any CPU
		{5A53F097-D001-4C8B-81C7-200836A110B7}.Release|ARM.ActiveCfg = Release|Any CPU
		{5A53F097-D001-4C8B-81C7-200836A110B7}.Release|ARM.Build.0 = Release|Any CPU
		{5A53F097-D001-4C8B-81C7-200836A110B7}.Release|iPhone.ActiveCfg = Release|Any CPU
		{5A53F097-D001-4C8B-81C7-200836A110B7}.Release|iPhone.Build.0 = Release|Any CPU
		{5A53F097-D001-4C8B-81C7-200836A110B7}.Release|iPhoneSimulator.ActiveCfg = Release|Any CPU
		{5A53F097-D001-4C8B-81C7-200836A110B7}.Release|iPhoneSimulator.Build.0 = Release|Any CPU
		{5A53F097-D001-4C8B-81C7-200836A110B7}.Release|x64.ActiveCfg = Release|Any CPU
		{5A53F097-D001-4C8B-81C7-200836A110B7}.Release|x64.Build.0 = Release|Any CPU
		{5A53F097-D001-4C8B-81C7-200836A110B7}.Release|x86.ActiveCfg = Release|Any CPU
		{5A53F097-D001-4C8B-81C7-200836A110B7}.Release|x86.Build.0 = Release|Any CPU
		{64351C88-A92D-49A5-91BA-4DFE200B1338}.Ad-Hoc|Any CPU.ActiveCfg = Release|Any CPU
		{64351C88-A92D-49A5-91BA-4DFE200B1338}.Ad-Hoc|Any CPU.Build.0 = Release|Any CPU
		{64351C88-A92D-49A5-91BA-4DFE200B1338}.Ad-Hoc|Any CPU.Deploy.0 = Release|Any CPU
		{64351C88-A92D-49A5-91BA-4DFE200B1338}.Ad-Hoc|ARM.ActiveCfg = Release|Any CPU
		{64351C88-A92D-49A5-91BA-4DFE200B1338}.Ad-Hoc|ARM.Build.0 = Release|Any CPU
		{64351C88-A92D-49A5-91BA-4DFE200B1338}.Ad-Hoc|ARM.Deploy.0 = Release|Any CPU
		{64351C88-A92D-49A5-91BA-4DFE200B1338}.Ad-Hoc|iPhone.ActiveCfg = Release|Any CPU
		{64351C88-A92D-49A5-91BA-4DFE200B1338}.Ad-Hoc|iPhone.Build.0 = Release|Any CPU
		{64351C88-A92D-49A5-91BA-4DFE200B1338}.Ad-Hoc|iPhone.Deploy.0 = Release|Any CPU
		{64351C88-A92D-49A5-91BA-4DFE200B1338}.Ad-Hoc|iPhoneSimulator.ActiveCfg = Release|Any CPU
		{64351C88-A92D-49A5-91BA-4DFE200B1338}.Ad-Hoc|iPhoneSimulator.Build.0 = Release|Any CPU
		{64351C88-A92D-49A5-91BA-4DFE200B1338}.Ad-Hoc|iPhoneSimulator.Deploy.0 = Release|Any CPU
		{64351C88-A92D-49A5-91BA-4DFE200B1338}.Ad-Hoc|x64.ActiveCfg = Release|Any CPU
		{64351C88-A92D-49A5-91BA-4DFE200B1338}.Ad-Hoc|x64.Build.0 = Release|Any CPU
		{64351C88-A92D-49A5-91BA-4DFE200B1338}.Ad-Hoc|x64.Deploy.0 = Release|Any CPU
		{64351C88-A92D-49A5-91BA-4DFE200B1338}.Ad-Hoc|x86.ActiveCfg = Release|Any CPU
		{64351C88-A92D-49A5-91BA-4DFE200B1338}.Ad-Hoc|x86.Build.0 = Release|Any CPU
		{64351C88-A92D-49A5-91BA-4DFE200B1338}.Ad-Hoc|x86.Deploy.0 = Release|Any CPU
		{64351C88-A92D-49A5-91BA-4DFE200B1338}.AppStore|Any CPU.ActiveCfg = Release|Any CPU
		{64351C88-A92D-49A5-91BA-4DFE200B1338}.AppStore|Any CPU.Build.0 = Release|Any CPU
		{64351C88-A92D-49A5-91BA-4DFE200B1338}.AppStore|Any CPU.Deploy.0 = Release|Any CPU
		{64351C88-A92D-49A5-91BA-4DFE200B1338}.AppStore|ARM.ActiveCfg = Release|Any CPU
		{64351C88-A92D-49A5-91BA-4DFE200B1338}.AppStore|ARM.Build.0 = Release|Any CPU
		{64351C88-A92D-49A5-91BA-4DFE200B1338}.AppStore|ARM.Deploy.0 = Release|Any CPU
		{64351C88-A92D-49A5-91BA-4DFE200B1338}.AppStore|iPhone.ActiveCfg = Release|Any CPU
		{64351C88-A92D-49A5-91BA-4DFE200B1338}.AppStore|iPhone.Build.0 = Release|Any CPU
		{64351C88-A92D-49A5-91BA-4DFE200B1338}.AppStore|iPhone.Deploy.0 = Release|Any CPU
		{64351C88-A92D-49A5-91BA-4DFE200B1338}.AppStore|iPhoneSimulator.ActiveCfg = Release|Any CPU
		{64351C88-A92D-49A5-91BA-4DFE200B1338}.AppStore|iPhoneSimulator.Build.0 = Release|Any CPU
		{64351C88-A92D-49A5-91BA-4DFE200B1338}.AppStore|iPhoneSimulator.Deploy.0 = Release|Any CPU
		{64351C88-A92D-49A5-91BA-4DFE200B1338}.AppStore|x64.ActiveCfg = Release|Any CPU
		{64351C88-A92D-49A5-91BA-4DFE200B1338}.AppStore|x64.Build.0 = Release|Any CPU
		{64351C88-A92D-49A5-91BA-4DFE200B1338}.AppStore|x64.Deploy.0 = Release|Any CPU
		{64351C88-A92D-49A5-91BA-4DFE200B1338}.AppStore|x86.ActiveCfg = Release|Any CPU
		{64351C88-A92D-49A5-91BA-4DFE200B1338}.AppStore|x86.Build.0 = Release|Any CPU
		{64351C88-A92D-49A5-91BA-4DFE200B1338}.AppStore|x86.Deploy.0 = Release|Any CPU
		{64351C88-A92D-49A5-91BA-4DFE200B1338}.Debug|Any CPU.ActiveCfg = Debug|Any CPU
		{64351C88-A92D-49A5-91BA-4DFE200B1338}.Debug|Any CPU.Build.0 = Debug|Any CPU
		{64351C88-A92D-49A5-91BA-4DFE200B1338}.Debug|Any CPU.Deploy.0 = Debug|Any CPU
		{64351C88-A92D-49A5-91BA-4DFE200B1338}.Debug|ARM.ActiveCfg = Debug|Any CPU
		{64351C88-A92D-49A5-91BA-4DFE200B1338}.Debug|ARM.Build.0 = Debug|Any CPU
		{64351C88-A92D-49A5-91BA-4DFE200B1338}.Debug|ARM.Deploy.0 = Debug|Any CPU
		{64351C88-A92D-49A5-91BA-4DFE200B1338}.Debug|iPhone.ActiveCfg = Debug|Any CPU
		{64351C88-A92D-49A5-91BA-4DFE200B1338}.Debug|iPhone.Build.0 = Debug|Any CPU
		{64351C88-A92D-49A5-91BA-4DFE200B1338}.Debug|iPhone.Deploy.0 = Debug|Any CPU
		{64351C88-A92D-49A5-91BA-4DFE200B1338}.Debug|iPhoneSimulator.ActiveCfg = Debug|Any CPU
		{64351C88-A92D-49A5-91BA-4DFE200B1338}.Debug|iPhoneSimulator.Build.0 = Debug|Any CPU
		{64351C88-A92D-49A5-91BA-4DFE200B1338}.Debug|iPhoneSimulator.Deploy.0 = Debug|Any CPU
		{64351C88-A92D-49A5-91BA-4DFE200B1338}.Debug|x64.ActiveCfg = Debug|Any CPU
		{64351C88-A92D-49A5-91BA-4DFE200B1338}.Debug|x64.Build.0 = Debug|Any CPU
		{64351C88-A92D-49A5-91BA-4DFE200B1338}.Debug|x64.Deploy.0 = Debug|Any CPU
		{64351C88-A92D-49A5-91BA-4DFE200B1338}.Debug|x86.ActiveCfg = Debug|Any CPU
		{64351C88-A92D-49A5-91BA-4DFE200B1338}.Debug|x86.Build.0 = Debug|Any CPU
		{64351C88-A92D-49A5-91BA-4DFE200B1338}.Debug|x86.Deploy.0 = Debug|Any CPU
		{64351C88-A92D-49A5-91BA-4DFE200B1338}.Release|Any CPU.ActiveCfg = Release|Any CPU
		{64351C88-A92D-49A5-91BA-4DFE200B1338}.Release|Any CPU.Build.0 = Release|Any CPU
		{64351C88-A92D-49A5-91BA-4DFE200B1338}.Release|Any CPU.Deploy.0 = Release|Any CPU
		{64351C88-A92D-49A5-91BA-4DFE200B1338}.Release|ARM.ActiveCfg = Release|Any CPU
		{64351C88-A92D-49A5-91BA-4DFE200B1338}.Release|ARM.Build.0 = Release|Any CPU
		{64351C88-A92D-49A5-91BA-4DFE200B1338}.Release|ARM.Deploy.0 = Release|Any CPU
		{64351C88-A92D-49A5-91BA-4DFE200B1338}.Release|iPhone.ActiveCfg = Release|Any CPU
		{64351C88-A92D-49A5-91BA-4DFE200B1338}.Release|iPhone.Build.0 = Release|Any CPU
		{64351C88-A92D-49A5-91BA-4DFE200B1338}.Release|iPhone.Deploy.0 = Release|Any CPU
		{64351C88-A92D-49A5-91BA-4DFE200B1338}.Release|iPhoneSimulator.ActiveCfg = Release|Any CPU
		{64351C88-A92D-49A5-91BA-4DFE200B1338}.Release|iPhoneSimulator.Build.0 = Release|Any CPU
		{64351C88-A92D-49A5-91BA-4DFE200B1338}.Release|iPhoneSimulator.Deploy.0 = Release|Any CPU
		{64351C88-A92D-49A5-91BA-4DFE200B1338}.Release|x64.ActiveCfg = Release|Any CPU
		{64351C88-A92D-49A5-91BA-4DFE200B1338}.Release|x64.Build.0 = Release|Any CPU
		{64351C88-A92D-49A5-91BA-4DFE200B1338}.Release|x64.Deploy.0 = Release|Any CPU
		{64351C88-A92D-49A5-91BA-4DFE200B1338}.Release|x86.ActiveCfg = Release|Any CPU
		{64351C88-A92D-49A5-91BA-4DFE200B1338}.Release|x86.Build.0 = Release|Any CPU
		{64351C88-A92D-49A5-91BA-4DFE200B1338}.Release|x86.Deploy.0 = Release|Any CPU
		{42A2F4EC-99EB-49E0-81E5-174BFF9A0D08}.Ad-Hoc|Any CPU.ActiveCfg = Release|x86
		{42A2F4EC-99EB-49E0-81E5-174BFF9A0D08}.Ad-Hoc|Any CPU.Build.0 = Release|x86
		{42A2F4EC-99EB-49E0-81E5-174BFF9A0D08}.Ad-Hoc|Any CPU.Deploy.0 = Release|x86
		{42A2F4EC-99EB-49E0-81E5-174BFF9A0D08}.Ad-Hoc|ARM.ActiveCfg = Release|ARM
		{42A2F4EC-99EB-49E0-81E5-174BFF9A0D08}.Ad-Hoc|ARM.Build.0 = Release|ARM
		{42A2F4EC-99EB-49E0-81E5-174BFF9A0D08}.Ad-Hoc|ARM.Deploy.0 = Release|ARM
		{42A2F4EC-99EB-49E0-81E5-174BFF9A0D08}.Ad-Hoc|iPhone.ActiveCfg = Release|x86
		{42A2F4EC-99EB-49E0-81E5-174BFF9A0D08}.Ad-Hoc|iPhone.Build.0 = Release|x86
		{42A2F4EC-99EB-49E0-81E5-174BFF9A0D08}.Ad-Hoc|iPhone.Deploy.0 = Release|x86
		{42A2F4EC-99EB-49E0-81E5-174BFF9A0D08}.Ad-Hoc|iPhoneSimulator.ActiveCfg = Release|x86
		{42A2F4EC-99EB-49E0-81E5-174BFF9A0D08}.Ad-Hoc|iPhoneSimulator.Build.0 = Release|x86
		{42A2F4EC-99EB-49E0-81E5-174BFF9A0D08}.Ad-Hoc|iPhoneSimulator.Deploy.0 = Release|x86
		{42A2F4EC-99EB-49E0-81E5-174BFF9A0D08}.Ad-Hoc|x64.ActiveCfg = Release|x64
		{42A2F4EC-99EB-49E0-81E5-174BFF9A0D08}.Ad-Hoc|x64.Build.0 = Release|x64
		{42A2F4EC-99EB-49E0-81E5-174BFF9A0D08}.Ad-Hoc|x64.Deploy.0 = Release|x64
		{42A2F4EC-99EB-49E0-81E5-174BFF9A0D08}.Ad-Hoc|x86.ActiveCfg = Release|x86
		{42A2F4EC-99EB-49E0-81E5-174BFF9A0D08}.Ad-Hoc|x86.Build.0 = Release|x86
		{42A2F4EC-99EB-49E0-81E5-174BFF9A0D08}.Ad-Hoc|x86.Deploy.0 = Release|x86
		{42A2F4EC-99EB-49E0-81E5-174BFF9A0D08}.AppStore|Any CPU.ActiveCfg = Release|x86
		{42A2F4EC-99EB-49E0-81E5-174BFF9A0D08}.AppStore|Any CPU.Build.0 = Release|x86
		{42A2F4EC-99EB-49E0-81E5-174BFF9A0D08}.AppStore|Any CPU.Deploy.0 = Release|x86
		{42A2F4EC-99EB-49E0-81E5-174BFF9A0D08}.AppStore|ARM.ActiveCfg = Release|ARM
		{42A2F4EC-99EB-49E0-81E5-174BFF9A0D08}.AppStore|ARM.Build.0 = Release|ARM
		{42A2F4EC-99EB-49E0-81E5-174BFF9A0D08}.AppStore|ARM.Deploy.0 = Release|ARM
		{42A2F4EC-99EB-49E0-81E5-174BFF9A0D08}.AppStore|iPhone.ActiveCfg = Release|x86
		{42A2F4EC-99EB-49E0-81E5-174BFF9A0D08}.AppStore|iPhone.Build.0 = Release|x86
		{42A2F4EC-99EB-49E0-81E5-174BFF9A0D08}.AppStore|iPhone.Deploy.0 = Release|x86
		{42A2F4EC-99EB-49E0-81E5-174BFF9A0D08}.AppStore|iPhoneSimulator.ActiveCfg = Release|x86
		{42A2F4EC-99EB-49E0-81E5-174BFF9A0D08}.AppStore|iPhoneSimulator.Build.0 = Release|x86
		{42A2F4EC-99EB-49E0-81E5-174BFF9A0D08}.AppStore|iPhoneSimulator.Deploy.0 = Release|x86
		{42A2F4EC-99EB-49E0-81E5-174BFF9A0D08}.AppStore|x64.ActiveCfg = Release|x64
		{42A2F4EC-99EB-49E0-81E5-174BFF9A0D08}.AppStore|x64.Build.0 = Release|x64
		{42A2F4EC-99EB-49E0-81E5-174BFF9A0D08}.AppStore|x64.Deploy.0 = Release|x64
		{42A2F4EC-99EB-49E0-81E5-174BFF9A0D08}.AppStore|x86.ActiveCfg = Release|x86
		{42A2F4EC-99EB-49E0-81E5-174BFF9A0D08}.AppStore|x86.Build.0 = Release|x86
		{42A2F4EC-99EB-49E0-81E5-174BFF9A0D08}.AppStore|x86.Deploy.0 = Release|x86
		{42A2F4EC-99EB-49E0-81E5-174BFF9A0D08}.Debug|Any CPU.ActiveCfg = Debug|x86
		{42A2F4EC-99EB-49E0-81E5-174BFF9A0D08}.Debug|ARM.ActiveCfg = Debug|ARM
		{42A2F4EC-99EB-49E0-81E5-174BFF9A0D08}.Debug|ARM.Build.0 = Debug|ARM
		{42A2F4EC-99EB-49E0-81E5-174BFF9A0D08}.Debug|ARM.Deploy.0 = Debug|ARM
		{42A2F4EC-99EB-49E0-81E5-174BFF9A0D08}.Debug|iPhone.ActiveCfg = Debug|x86
		{42A2F4EC-99EB-49E0-81E5-174BFF9A0D08}.Debug|iPhoneSimulator.ActiveCfg = Debug|x86
		{42A2F4EC-99EB-49E0-81E5-174BFF9A0D08}.Debug|x64.ActiveCfg = Debug|x64
		{42A2F4EC-99EB-49E0-81E5-174BFF9A0D08}.Debug|x64.Build.0 = Debug|x64
		{42A2F4EC-99EB-49E0-81E5-174BFF9A0D08}.Debug|x64.Deploy.0 = Debug|x64
		{42A2F4EC-99EB-49E0-81E5-174BFF9A0D08}.Debug|x86.ActiveCfg = Debug|x86
		{42A2F4EC-99EB-49E0-81E5-174BFF9A0D08}.Debug|x86.Build.0 = Debug|x86
		{42A2F4EC-99EB-49E0-81E5-174BFF9A0D08}.Debug|x86.Deploy.0 = Debug|x86
		{42A2F4EC-99EB-49E0-81E5-174BFF9A0D08}.Release|Any CPU.ActiveCfg = Release|x86
		{42A2F4EC-99EB-49E0-81E5-174BFF9A0D08}.Release|ARM.ActiveCfg = Release|ARM
		{42A2F4EC-99EB-49E0-81E5-174BFF9A0D08}.Release|ARM.Build.0 = Release|ARM
		{42A2F4EC-99EB-49E0-81E5-174BFF9A0D08}.Release|ARM.Deploy.0 = Release|ARM
		{42A2F4EC-99EB-49E0-81E5-174BFF9A0D08}.Release|iPhone.ActiveCfg = Release|x86
		{42A2F4EC-99EB-49E0-81E5-174BFF9A0D08}.Release|iPhoneSimulator.ActiveCfg = Release|x86
		{42A2F4EC-99EB-49E0-81E5-174BFF9A0D08}.Release|x64.ActiveCfg = Release|x64
		{42A2F4EC-99EB-49E0-81E5-174BFF9A0D08}.Release|x64.Build.0 = Release|x64
		{42A2F4EC-99EB-49E0-81E5-174BFF9A0D08}.Release|x64.Deploy.0 = Release|x64
		{42A2F4EC-99EB-49E0-81E5-174BFF9A0D08}.Release|x86.ActiveCfg = Release|x86
		{42A2F4EC-99EB-49E0-81E5-174BFF9A0D08}.Release|x86.Build.0 = Release|x86
		{42A2F4EC-99EB-49E0-81E5-174BFF9A0D08}.Release|x86.Deploy.0 = Release|x86
		{81C303E2-25D4-4102-A213-DF9FABF772B0}.Ad-Hoc|Any CPU.ActiveCfg = Ad-Hoc|iPhone
		{81C303E2-25D4-4102-A213-DF9FABF772B0}.Ad-Hoc|ARM.ActiveCfg = Ad-Hoc|iPhone
		{81C303E2-25D4-4102-A213-DF9FABF772B0}.Ad-Hoc|iPhone.ActiveCfg = Ad-Hoc|iPhone
		{81C303E2-25D4-4102-A213-DF9FABF772B0}.Ad-Hoc|iPhone.Build.0 = Ad-Hoc|iPhone
		{81C303E2-25D4-4102-A213-DF9FABF772B0}.Ad-Hoc|iPhoneSimulator.ActiveCfg = Ad-Hoc|iPhoneSimulator
		{81C303E2-25D4-4102-A213-DF9FABF772B0}.Ad-Hoc|iPhoneSimulator.Build.0 = Ad-Hoc|iPhoneSimulator
		{81C303E2-25D4-4102-A213-DF9FABF772B0}.Ad-Hoc|x64.ActiveCfg = Ad-Hoc|iPhone
		{81C303E2-25D4-4102-A213-DF9FABF772B0}.Ad-Hoc|x86.ActiveCfg = Ad-Hoc|iPhone
		{81C303E2-25D4-4102-A213-DF9FABF772B0}.AppStore|Any CPU.ActiveCfg = AppStore|iPhone
		{81C303E2-25D4-4102-A213-DF9FABF772B0}.AppStore|ARM.ActiveCfg = AppStore|iPhone
		{81C303E2-25D4-4102-A213-DF9FABF772B0}.AppStore|iPhone.ActiveCfg = AppStore|iPhone
		{81C303E2-25D4-4102-A213-DF9FABF772B0}.AppStore|iPhone.Build.0 = AppStore|iPhone
		{81C303E2-25D4-4102-A213-DF9FABF772B0}.AppStore|iPhoneSimulator.ActiveCfg = AppStore|iPhoneSimulator
		{81C303E2-25D4-4102-A213-DF9FABF772B0}.AppStore|iPhoneSimulator.Build.0 = AppStore|iPhoneSimulator
		{81C303E2-25D4-4102-A213-DF9FABF772B0}.AppStore|x64.ActiveCfg = AppStore|iPhone
		{81C303E2-25D4-4102-A213-DF9FABF772B0}.AppStore|x86.ActiveCfg = AppStore|iPhone
		{81C303E2-25D4-4102-A213-DF9FABF772B0}.Debug|Any CPU.ActiveCfg = Debug|iPhone
		{81C303E2-25D4-4102-A213-DF9FABF772B0}.Debug|ARM.ActiveCfg = Debug|iPhone
		{81C303E2-25D4-4102-A213-DF9FABF772B0}.Debug|iPhone.ActiveCfg = Debug|iPhone
		{81C303E2-25D4-4102-A213-DF9FABF772B0}.Debug|iPhone.Build.0 = Debug|iPhone
		{81C303E2-25D4-4102-A213-DF9FABF772B0}.Debug|iPhoneSimulator.ActiveCfg = Debug|iPhoneSimulator
		{81C303E2-25D4-4102-A213-DF9FABF772B0}.Debug|iPhoneSimulator.Build.0 = Debug|iPhoneSimulator
		{81C303E2-25D4-4102-A213-DF9FABF772B0}.Debug|x64.ActiveCfg = Debug|iPhone
		{81C303E2-25D4-4102-A213-DF9FABF772B0}.Debug|x86.ActiveCfg = Debug|iPhone
		{81C303E2-25D4-4102-A213-DF9FABF772B0}.Release|Any CPU.ActiveCfg = Release|iPhone
		{81C303E2-25D4-4102-A213-DF9FABF772B0}.Release|ARM.ActiveCfg = Release|iPhone
		{81C303E2-25D4-4102-A213-DF9FABF772B0}.Release|iPhone.ActiveCfg = Release|iPhone
		{81C303E2-25D4-4102-A213-DF9FABF772B0}.Release|iPhone.Build.0 = Release|iPhone
		{81C303E2-25D4-4102-A213-DF9FABF772B0}.Release|iPhoneSimulator.ActiveCfg = Release|iPhoneSimulator
		{81C303E2-25D4-4102-A213-DF9FABF772B0}.Release|iPhoneSimulator.Build.0 = Release|iPhoneSimulator
		{81C303E2-25D4-4102-A213-DF9FABF772B0}.Release|x64.ActiveCfg = Release|iPhone
		{81C303E2-25D4-4102-A213-DF9FABF772B0}.Release|x86.ActiveCfg = Release|iPhone
	EndGlobalSection
	GlobalSection(SolutionProperties) = preSolution
		HideSolutionNode = FALSE
	EndGlobalSection
	GlobalSection(ExtensibilityGlobals) = postSolution
		SolutionGuid = {6645BD7C-83AA-410C-880F-6BD9706FDEF5}
	EndGlobalSection
EndGlobal
